
Microsoft Visual Studio Solution File, Format Version 12.00
# Visual Studio Version 17
VisualStudioVersion = 17.3.32825.248
MinimumVisualStudioVersion = 10.0.40219.1
Project("{FAE04EC0-301F-11D3-BF4B-00C04F79EFBC}") = "ImageGalleryApplication(React+Redux)", "ImageGalleryApplication(React+Redux).csproj", "{AAACECBC-9B08-4C6F-91FA-10120259C15A}"
EndProject
Global
	GlobalSection(SolutionConfigurationPlatforms) = preSolution
		Debug|Any CPU = Debug|Any CPU
		Release|Any CPU = Release|Any CPU
	EndGlobalSection
	GlobalSection(ProjectConfigurationPlatforms) = postSolution
		{AAACECBC-9B08-4C6F-91FA-10120259C15A}.Debug|Any CPU.ActiveCfg = Debug|Any CPU
		{AAACECBC-9B08-4C6F-91FA-10120259C15A}.Debug|Any CPU.Build.0 = Debug|Any CPU
		{AAACECBC-9B08-4C6F-91FA-10120259C15A}.Release|Any CPU.ActiveCfg = Release|Any CPU
		{AAACECBC-9B08-4C6F-91FA-10120259C15A}.Release|Any CPU.Build.0 = Release|Any CPU
	EndGlobalSection
	GlobalSection(SolutionProperties) = preSolution
		HideSolutionNode = FALSE
	EndGlobalSection
	GlobalSection(ExtensibilityGlobals) = postSolution
		SolutionGuid = {E65917EA-ACA0-4F6E-853B-4143F0E32288}
	EndGlobalSection
EndGlobal
